
Microsoft Visual Studio Solution File, Format Version 12.00
# Visual Studio Version 17
VisualStudioVersion = 17.5.33424.131
MinimumVisualStudioVersion = 10.0.40219.1
Project("{2150E333-8FDC-42A3-9474-1A3956D46DE8}") = "00-build", "00-build", "{14C93F07-F3D1-4421-B0DF-FC65B478F9F1}"
	ProjectSection(SolutionItems) = preProject
		build\common.props = build\common.props
		build\version.props = build\version.props
	EndProjectSection
EndProject
Project("{2150E333-8FDC-42A3-9474-1A3956D46DE8}") = "01-src", "01-src", "{A73CDCF8-DE82-4251-B145-86AB90329C5F}"
EndProject
Project("{2150E333-8FDC-42A3-9474-1A3956D46DE8}") = "99-test", "99-test", "{119202F3-8205-4677-B6A7-D1169A0B0323}"
EndProject
Project("{2150E333-8FDC-42A3-9474-1A3956D46DE8}") = "01-core", "01-core", "{DF9CBC57-5BFA-4FD9-9454-503AE66ECD7A}"
EndProject
Project("{2150E333-8FDC-42A3-9474-1A3956D46DE8}") = "00-common", "00-common", "{B4779ED6-4D4E-44D7-8F1C-BC00B14DAE5C}"
EndProject
Project("{9A19103F-16F7-4668-BE54-9A1E7A4F7556}") = "01-Meow.Core", "src\Meow.Core\01-Meow.Core.csproj", "{8A75BD48-851F-4E51-AAE6-163E8C53CF07}"
EndProject
Project("{9A19103F-16F7-4668-BE54-9A1E7A4F7556}") = "01-Meow.Logging", "src\Meow.Logging\01-Meow.Logging.csproj", "{6E38ACB9-2BA7-4704-9C74-647139108867}"
EndProject
Project("{2150E333-8FDC-42A3-9474-1A3956D46DE8}") = "01-core", "01-core", "{71FFD2E1-41C9-4978-8501-C4B39360FF67}"
EndProject
Project("{2150E333-8FDC-42A3-9474-1A3956D46DE8}") = "02-logging", "02-logging", "{1B6BE123-CC84-4AC7-8DAB-B8D7924A81B5}"
EndProject
Project("{9A19103F-16F7-4668-BE54-9A1E7A4F7556}") = "00-Meow.Common.Test", "test\Meow.Common.Test\00-Meow.Common.Test.csproj", "{5C87EEA8-C323-4C1D-A921-1A3491C8C24E}"
EndProject
Project("{9A19103F-16F7-4668-BE54-9A1E7A4F7556}") = "01-Meow.Core.Test", "test\Meow.Core.Test\01-Meow.Core.Test.csproj", "{BDBC3929-6680-441B-943D-DE18EEA4A6BF}"
EndProject
Project("{9A19103F-16F7-4668-BE54-9A1E7A4F7556}") = "02-Meow.Logging.Serilog", "src\Meow.Logging.Serilog\02-Meow.Logging.Serilog.csproj", "{4FAAA142-61A3-43E1-9E05-76D5E5B1F674}"
EndProject
Project("{9A19103F-16F7-4668-BE54-9A1E7A4F7556}") = "03-Meow.Logging.Serilog.Exceptionless", "src\Meow.Logging.Serilog.Exceptionless\03-Meow.Logging.Serilog.Exceptionless.csproj", "{636F6BC4-DF5D-4139-A26C-B2337C2F63A7}"
EndProject
Project("{2150E333-8FDC-42A3-9474-1A3956D46DE8}") = "03-event", "03-event", "{0B2F72C9-D44B-43B8-91C9-F07270CD1411}"
EndProject
Project("{9A19103F-16F7-4668-BE54-9A1E7A4F7556}") = "06-Meow.Data.Abstraction", "src\Meow.Data.Abstraction\06-Meow.Data.Abstraction.csproj", "{4F9FBC72-6292-49D0-BF6D-A97E5BA72F31}"
EndProject
Project("{9A19103F-16F7-4668-BE54-9A1E7A4F7556}") = "03-Meow.Aop.AspectCore", "src\Meow.Aop.AspectCore\03-Meow.Aop.AspectCore.csproj", "{B1189A63-7F2D-428F-AD93-60A1EE944E13}"
EndProject
Project("{9A19103F-16F7-4668-BE54-9A1E7A4F7556}") = "04-Meow.Validation", "src\Meow.Validation\04-Meow.Validation.csproj", "{D2CE3F49-B9D5-483F-9A6C-844A3CD3ECF0}"
EndProject
Project("{2150E333-8FDC-42A3-9474-1A3956D46DE8}") = "10-domain", "10-domain", "{8DA42FDD-5CD8-42E9-B45B-2633AD123CB1}"
EndProject
Project("{9A19103F-16F7-4668-BE54-9A1E7A4F7556}") = "01-Meow.Domain", "src\Meow.Domain\01-Meow.Domain.csproj", "{B1FBC638-7A59-43C9-A56E-C4FCDCC3C241}"
EndProject
Project("{9A19103F-16F7-4668-BE54-9A1E7A4F7556}") = "02-Meow.Event", "src\Meow.Event\02-Meow.Event.csproj", "{4D686BA4-9383-4256-9FFB-7063730BA581}"
EndProject
Project("{2150E333-8FDC-42A3-9474-1A3956D46DE8}") = "11-data", "11-data", "{7794B40D-D786-4A9A-9732-7F79CA067210}"
EndProject
Project("{2150E333-8FDC-42A3-9474-1A3956D46DE8}") = "01-core", "01-core", "{3D96530F-6E0F-499A-B02B-C0D4C6A1CD31}"
EndProject
Project("{9A19103F-16F7-4668-BE54-9A1E7A4F7556}") = "01-Meow.Data.Core", "src\Meow.Data.Core\01-Meow.Data.Core.csproj", "{EA7A21DF-2DEC-46E2-84A6-CCE773EA813B}"
EndProject
Project("{9A19103F-16F7-4668-BE54-9A1E7A4F7556}") = "02-Meow.ObjectMapping.AutoMapper", "src\Meow.ObjectMapping.AutoMapper\02-Meow.ObjectMapping.AutoMapper.csproj", "{646B6C87-E625-457E-A26E-570A55E7DB11}"
EndProject
Project("{9A19103F-16F7-4668-BE54-9A1E7A4F7556}") = "02-Meow.Data.Sql", "src\Meow.Data.Sql\02-Meow.Data.Sql.csproj", "{18974609-09B2-4332-891F-87A48AD8CE38}"
EndProject
Project("{9A19103F-16F7-4668-BE54-9A1E7A4F7556}") = "03-Meow.Data.Metadata", "src\Meow.Data.Metadata\03-Meow.Data.Metadata.csproj", "{AB23AEB6-3CFF-45E8-B880-C03B2890D764}"
EndProject
Project("{2150E333-8FDC-42A3-9474-1A3956D46DE8}") = "02-ef", "02-ef", "{2012BF53-40F7-431C-949A-B9E6C37D0449}"
EndProject
Project("{9A19103F-16F7-4668-BE54-9A1E7A4F7556}") = "01-Meow.Data.EntityFrameworkCore", "src\Meow.Data.EntityFramework.Core\01-Meow.Data.EntityFrameworkCore.csproj", "{2BC2F278-D2D9-43F1-AFF7-2ED60D1ABFDB}"
EndProject
Project("{9A19103F-16F7-4668-BE54-9A1E7A4F7556}") = "02-Meow.Data.EntityFrameworkCore.SqlServer", "src\Meow.Data.EntityFramework.SqlServer\02-Meow.Data.EntityFrameworkCore.SqlServer.csproj", "{1A0ACDAC-A473-4B56-9837-4C37846A4D3F}"
EndProject
Project("{9A19103F-16F7-4668-BE54-9A1E7A4F7556}") = "05-Meow.Data.EntityFrameworkCore.Sqlite", "src\Meow.Data.EntityFramework.Sqlite\05-Meow.Data.EntityFrameworkCore.Sqlite.csproj", "{02B2CB5F-FF87-4C07-AC97-8990862625F0}"
EndProject
Project("{9A19103F-16F7-4668-BE54-9A1E7A4F7556}") = "06-Meow.Data.EntityFrameworkCore.Oracle", "src\Meow.Data.EntityFramework.Oracle\06-Meow.Data.EntityFrameworkCore.Oracle.csproj", "{53996157-4DF0-4B32-9889-0250ED7E5B07}"
EndProject
Project("{9A19103F-16F7-4668-BE54-9A1E7A4F7556}") = "05-Meow.Security", "src\Meow.Authentication\05-Meow.Security.csproj", "{D6281152-207C-4BC5-9127-614E6A9A71AA}"
EndProject
Project("{9A19103F-16F7-4668-BE54-9A1E7A4F7556}") = "03-Meow.Data.EntityFrameworkCore.PostgreSql", "src\Meow.Data.EntityFramework.PostgreSql\03-Meow.Data.EntityFrameworkCore.PostgreSql.csproj", "{4F0450FF-4D0D-4EE9-8AED-5630718905C0}"
EndProject
Project("{9A19103F-16F7-4668-BE54-9A1E7A4F7556}") = "04-Meow.Data.EntityFrameworkCore.MySql", "src\Meow.Data.EntityFramework.MySql\04-Meow.Data.EntityFrameworkCore.MySql.csproj", "{8556A150-AD45-4F66-9DE9-DD7824664B95}"
EndProject
Project("{2150E333-8FDC-42A3-9474-1A3956D46DE8}") = "03-dapper", "03-dapper", "{176827B1-8A7C-40FD-BEFB-DD9DA63CB6A6}"
EndProject
Project("{9A19103F-16F7-4668-BE54-9A1E7A4F7556}") = "01-Meow.Data.Dapper.Core", "src\Meow.Data.Dapper.Core\01-Meow.Data.Dapper.Core.csproj", "{20F2B2B5-933A-49B8-8234-896616E669CC}"
EndProject
Project("{9A19103F-16F7-4668-BE54-9A1E7A4F7556}") = "02-Meow.Data.Dapper.SqlServer", "src\Meow.Data.Dapper.SqlServer\02-Meow.Data.Dapper.SqlServer.csproj", "{46FD2194-5440-4505-9104-29F0818A7728}"
EndProject
Project("{9A19103F-16F7-4668-BE54-9A1E7A4F7556}") = "03-Meow.Data.Dapper.PostgreSql", "src\Meow.Data.Dapper.PostgreSql\03-Meow.Data.Dapper.PostgreSql.csproj", "{196EB19B-7C1B-4019-9F85-5A8157651B9C}"
EndProject
Project("{9A19103F-16F7-4668-BE54-9A1E7A4F7556}") = "04-Meow.Data.Dapper.MySql", "src\Meow.Data.Dapper.MySql\04-Meow.Data.Dapper.MySql.csproj", "{0FB0BF2A-2BE4-48DD-98B8-3277367D2A0A}"
EndProject
Project("{9A19103F-16F7-4668-BE54-9A1E7A4F7556}") = "05-Meow.Data.Dapper.All", "src\Meow.Data.Dapper.All\05-Meow.Data.Dapper.All.csproj", "{D92C03D7-AAD4-4A89-B7C0-61B3638C62C1}"
EndProject
Project("{2150E333-8FDC-42A3-9474-1A3956D46DE8}") = "12-application", "12-application", "{A1DEC02B-B85E-4216-9AE4-3F229311ADEE}"
EndProject
Project("{9A19103F-16F7-4668-BE54-9A1E7A4F7556}") = "01-Meow.Application", "src\Meow.Application\01-Meow.Application.csproj", "{190B9CB7-339F-480C-BADA-0EC305129A3D}"
EndProject
Project("{9A19103F-16F7-4668-BE54-9A1E7A4F7556}") = "02-Meow.Application.EntityFrameworkCore", "src\Meow.Application.EntityFramework\02-Meow.Application.EntityFrameworkCore.csproj", "{801C85C9-89D4-44B3-BF7B-73B0C2A49BC5}"
EndProject
Project("{2150E333-8FDC-42A3-9474-1A3956D46DE8}") = "05-caching", "05-caching", "{3BA93F24-4424-4C4F-9BF7-9D27ECB1745F}"
EndProject
Project("{9A19103F-16F7-4668-BE54-9A1E7A4F7556}") = "01-Meow.Caching", "src\Meow.Caching\01-Meow.Caching.csproj", "{957685E3-F15C-4FF8-993D-2B11E45F2FB3}"
EndProject
Project("{9A19103F-16F7-4668-BE54-9A1E7A4F7556}") = "02-Meow.Caching.EasyCaching", "src\Meow.Caching.EasyCaching\02-Meow.Caching.EasyCaching.csproj", "{CEAF5619-2DEA-41E9-9B06-8BB591B1C52C}"
EndProject
Project("{9A19103F-16F7-4668-BE54-9A1E7A4F7556}") = "03-Meow.Application.WebApi", "src\Meow.Application.WebApi\03-Meow.Application.WebApi.csproj", "{65331483-9C5A-4177-8FBB-E2F3A8AB0EA1}"
EndProject
Project("{2150E333-8FDC-42A3-9474-1A3956D46DE8}") = "02-sample", "02-sample", "{DF90F082-AFF9-41EF-8AE1-21D2622B9F39}"
EndProject
Project("{2150E333-8FDC-42A3-9474-1A3956D46DE8}") = "01-presentation", "01-presentation", "{B8DE7440-2761-49B0-A750-892CEE8F6EEF}"
EndProject
Project("{2150E333-8FDC-42A3-9474-1A3956D46DE8}") = "02-application", "02-application", "{EC6244A5-18C3-47A4-B6CD-9A99B3F1BB0A}"
EndProject
Project("{2150E333-8FDC-42A3-9474-1A3956D46DE8}") = "03-domain", "03-domain", "{52640446-1C47-4005-826A-958C6F924F02}"
EndProject
Project("{2150E333-8FDC-42A3-9474-1A3956D46DE8}") = "04-infrastructure", "04-infrastructure", "{38C102FD-F8A0-4928-BF59-F1961E92EA76}"
EndProject
Project("{9A19103F-16F7-4668-BE54-9A1E7A4F7556}") = "Meow.Sample.Api", "sample\Meow.Sample.Api\Meow.Sample.Api.csproj", "{911767BA-4DCF-4795-871C-45D633DEBAEA}"
EndProject
Project("{9A19103F-16F7-4668-BE54-9A1E7A4F7556}") = "Meow.Sample.Application", "sample\Meow.Sample.Application\Meow.Sample.Application.csproj", "{1B17480D-2182-45DE-BF3A-C5BDF2FF9D10}"
EndProject
Project("{9A19103F-16F7-4668-BE54-9A1E7A4F7556}") = "Meow.Sample.Domain", "sample\Meow.Sample.Domain\Meow.Sample.Domain.csproj", "{193F12AC-87FF-47FB-A7C6-B9474357C18A}"
EndProject
Project("{9A19103F-16F7-4668-BE54-9A1E7A4F7556}") = "Meow.Sample.Data", "sample\Meow.Sample.Data\Meow.Sample.Data.csproj", "{9563B5D0-6254-44B4-82FE-B2E1B7196EC6}"
EndProject
Project("{9A19103F-16F7-4668-BE54-9A1E7A4F7556}") = "Meow.Sample.Data.MySql", "sample\Meow.Sample.Data.MySql\Meow.Sample.Data.MySql.csproj", "{21453467-4165-4B79-AC5C-83E0E0EB4109}"
EndProject
Project("{9A19103F-16F7-4668-BE54-9A1E7A4F7556}") = "Meow.Sample.Data.Oracle", "sample\Meow.Sample.Data.Oracle\Meow.Sample.Data.Oracle.csproj", "{E6AC37D3-25B4-485D-915A-FC593780DDBA}"
EndProject
Project("{9A19103F-16F7-4668-BE54-9A1E7A4F7556}") = "Meow.Sample.Data.PgSql", "sample\Meow.Sample.Data.PgSql\Meow.Sample.Data.PgSql.csproj", "{ADEE75C8-8705-47CE-9781-3E87601A9393}"
EndProject
Project("{9A19103F-16F7-4668-BE54-9A1E7A4F7556}") = "Meow.Sample.Data.SqlServer", "sample\Meow.Sample.Data.SqlServer\Meow.Sample.Data.SqlServer.csproj", "{2002AE35-C288-4032-9446-A50619E27BF1}"
EndProject
Project("{9A19103F-16F7-4668-BE54-9A1E7A4F7556}") = "01-Meow.Event.Abstraction", "src\Meow.Event.Abstraction\01-Meow.Event.Abstraction.csproj", "{7040CE60-37D9-4A7C-8059-CFBB2FFB0990}"
EndProject
Project("{2150E333-8FDC-42A3-9474-1A3956D46DE8}") = "09-tenant", "09-tenant", "{3728559E-FEE7-4578-9F16-5C2CF832ED6B}"
EndProject
Project("{9A19103F-16F7-4668-BE54-9A1E7A4F7556}") = "01-Meow.Tenant.Abstraction", "src\Meow.Tenant.Abstraction\01-Meow.Tenant.Abstraction.csproj", "{EAD088BE-F6E5-4461-B726-B10849ECADBB}"
EndProject
Project("{9A19103F-16F7-4668-BE54-9A1E7A4F7556}") = "02-Meow.Tenant", "src\Meow.Tenant\02-Meow.Tenant.csproj", "{4FF4DB8A-F3D0-4317-A394-C16FD76964CB}"
EndProject
Project("{2150E333-8FDC-42A3-9474-1A3956D46DE8}") = "00-build", "00-build", "{3F385300-3BEB-4DD4-8070-AE259265D89F}"
EndProject
Project("{2150E333-8FDC-42A3-9474-1A3956D46DE8}") = "migration", "migration", "{D1720F49-B280-46AE-B543-D5276EFFFB85}"
	ProjectSection(SolutionItems) = preProject
		sample\Migration\CreateMigration.bat = sample\Migration\CreateMigration.bat
	EndProjectSection
EndProject
Global
	GlobalSection(SolutionConfigurationPlatforms) = preSolution
		Debug|Any CPU = Debug|Any CPU
		Release|Any CPU = Release|Any CPU
	EndGlobalSection
	GlobalSection(ProjectConfigurationPlatforms) = postSolution
		{8A75BD48-851F-4E51-AAE6-163E8C53CF07}.Debug|Any CPU.ActiveCfg = Debug|Any CPU
		{8A75BD48-851F-4E51-AAE6-163E8C53CF07}.Debug|Any CPU.Build.0 = Debug|Any CPU
		{8A75BD48-851F-4E51-AAE6-163E8C53CF07}.Release|Any CPU.ActiveCfg = Release|Any CPU
		{8A75BD48-851F-4E51-AAE6-163E8C53CF07}.Release|Any CPU.Build.0 = Release|Any CPU
		{6E38ACB9-2BA7-4704-9C74-647139108867}.Debug|Any CPU.ActiveCfg = Debug|Any CPU
		{6E38ACB9-2BA7-4704-9C74-647139108867}.Debug|Any CPU.Build.0 = Debug|Any CPU
		{6E38ACB9-2BA7-4704-9C74-647139108867}.Release|Any CPU.ActiveCfg = Release|Any CPU
		{6E38ACB9-2BA7-4704-9C74-647139108867}.Release|Any CPU.Build.0 = Release|Any CPU
		{5C87EEA8-C323-4C1D-A921-1A3491C8C24E}.Debug|Any CPU.ActiveCfg = Debug|Any CPU
		{5C87EEA8-C323-4C1D-A921-1A3491C8C24E}.Debug|Any CPU.Build.0 = Debug|Any CPU
		{5C87EEA8-C323-4C1D-A921-1A3491C8C24E}.Release|Any CPU.ActiveCfg = Release|Any CPU
		{5C87EEA8-C323-4C1D-A921-1A3491C8C24E}.Release|Any CPU.Build.0 = Release|Any CPU
		{BDBC3929-6680-441B-943D-DE18EEA4A6BF}.Debug|Any CPU.ActiveCfg = Debug|Any CPU
		{BDBC3929-6680-441B-943D-DE18EEA4A6BF}.Debug|Any CPU.Build.0 = Debug|Any CPU
		{BDBC3929-6680-441B-943D-DE18EEA4A6BF}.Release|Any CPU.ActiveCfg = Release|Any CPU
		{BDBC3929-6680-441B-943D-DE18EEA4A6BF}.Release|Any CPU.Build.0 = Release|Any CPU
		{4FAAA142-61A3-43E1-9E05-76D5E5B1F674}.Debug|Any CPU.ActiveCfg = Debug|Any CPU
		{4FAAA142-61A3-43E1-9E05-76D5E5B1F674}.Debug|Any CPU.Build.0 = Debug|Any CPU
		{4FAAA142-61A3-43E1-9E05-76D5E5B1F674}.Release|Any CPU.ActiveCfg = Release|Any CPU
		{4FAAA142-61A3-43E1-9E05-76D5E5B1F674}.Release|Any CPU.Build.0 = Release|Any CPU
		{636F6BC4-DF5D-4139-A26C-B2337C2F63A7}.Debug|Any CPU.ActiveCfg = Debug|Any CPU
		{636F6BC4-DF5D-4139-A26C-B2337C2F63A7}.Debug|Any CPU.Build.0 = Debug|Any CPU
		{636F6BC4-DF5D-4139-A26C-B2337C2F63A7}.Release|Any CPU.ActiveCfg = Release|Any CPU
		{636F6BC4-DF5D-4139-A26C-B2337C2F63A7}.Release|Any CPU.Build.0 = Release|Any CPU
		{4F9FBC72-6292-49D0-BF6D-A97E5BA72F31}.Debug|Any CPU.ActiveCfg = Debug|Any CPU
		{4F9FBC72-6292-49D0-BF6D-A97E5BA72F31}.Debug|Any CPU.Build.0 = Debug|Any CPU
		{4F9FBC72-6292-49D0-BF6D-A97E5BA72F31}.Release|Any CPU.ActiveCfg = Release|Any CPU
		{4F9FBC72-6292-49D0-BF6D-A97E5BA72F31}.Release|Any CPU.Build.0 = Release|Any CPU
		{B1189A63-7F2D-428F-AD93-60A1EE944E13}.Debug|Any CPU.ActiveCfg = Debug|Any CPU
		{B1189A63-7F2D-428F-AD93-60A1EE944E13}.Debug|Any CPU.Build.0 = Debug|Any CPU
		{B1189A63-7F2D-428F-AD93-60A1EE944E13}.Release|Any CPU.ActiveCfg = Release|Any CPU
		{B1189A63-7F2D-428F-AD93-60A1EE944E13}.Release|Any CPU.Build.0 = Release|Any CPU
		{D2CE3F49-B9D5-483F-9A6C-844A3CD3ECF0}.Debug|Any CPU.ActiveCfg = Debug|Any CPU
		{D2CE3F49-B9D5-483F-9A6C-844A3CD3ECF0}.Debug|Any CPU.Build.0 = Debug|Any CPU
		{D2CE3F49-B9D5-483F-9A6C-844A3CD3ECF0}.Release|Any CPU.ActiveCfg = Release|Any CPU
		{D2CE3F49-B9D5-483F-9A6C-844A3CD3ECF0}.Release|Any CPU.Build.0 = Release|Any CPU
		{B1FBC638-7A59-43C9-A56E-C4FCDCC3C241}.Debug|Any CPU.ActiveCfg = Debug|Any CPU
		{B1FBC638-7A59-43C9-A56E-C4FCDCC3C241}.Debug|Any CPU.Build.0 = Debug|Any CPU
		{B1FBC638-7A59-43C9-A56E-C4FCDCC3C241}.Release|Any CPU.ActiveCfg = Release|Any CPU
		{B1FBC638-7A59-43C9-A56E-C4FCDCC3C241}.Release|Any CPU.Build.0 = Release|Any CPU
		{4D686BA4-9383-4256-9FFB-7063730BA581}.Debug|Any CPU.ActiveCfg = Debug|Any CPU
		{4D686BA4-9383-4256-9FFB-7063730BA581}.Debug|Any CPU.Build.0 = Debug|Any CPU
		{4D686BA4-9383-4256-9FFB-7063730BA581}.Release|Any CPU.ActiveCfg = Release|Any CPU
		{4D686BA4-9383-4256-9FFB-7063730BA581}.Release|Any CPU.Build.0 = Release|Any CPU
		{EA7A21DF-2DEC-46E2-84A6-CCE773EA813B}.Debug|Any CPU.ActiveCfg = Debug|Any CPU
		{EA7A21DF-2DEC-46E2-84A6-CCE773EA813B}.Debug|Any CPU.Build.0 = Debug|Any CPU
		{EA7A21DF-2DEC-46E2-84A6-CCE773EA813B}.Release|Any CPU.ActiveCfg = Release|Any CPU
		{EA7A21DF-2DEC-46E2-84A6-CCE773EA813B}.Release|Any CPU.Build.0 = Release|Any CPU
		{646B6C87-E625-457E-A26E-570A55E7DB11}.Debug|Any CPU.ActiveCfg = Debug|Any CPU
		{646B6C87-E625-457E-A26E-570A55E7DB11}.Debug|Any CPU.Build.0 = Debug|Any CPU
		{646B6C87-E625-457E-A26E-570A55E7DB11}.Release|Any CPU.ActiveCfg = Release|Any CPU
		{646B6C87-E625-457E-A26E-570A55E7DB11}.Release|Any CPU.Build.0 = Release|Any CPU
		{18974609-09B2-4332-891F-87A48AD8CE38}.Debug|Any CPU.ActiveCfg = Debug|Any CPU
		{18974609-09B2-4332-891F-87A48AD8CE38}.Debug|Any CPU.Build.0 = Debug|Any CPU
		{18974609-09B2-4332-891F-87A48AD8CE38}.Release|Any CPU.ActiveCfg = Release|Any CPU
		{18974609-09B2-4332-891F-87A48AD8CE38}.Release|Any CPU.Build.0 = Release|Any CPU
		{AB23AEB6-3CFF-45E8-B880-C03B2890D764}.Debug|Any CPU.ActiveCfg = Debug|Any CPU
		{AB23AEB6-3CFF-45E8-B880-C03B2890D764}.Debug|Any CPU.Build.0 = Debug|Any CPU
		{AB23AEB6-3CFF-45E8-B880-C03B2890D764}.Release|Any CPU.ActiveCfg = Release|Any CPU
		{AB23AEB6-3CFF-45E8-B880-C03B2890D764}.Release|Any CPU.Build.0 = Release|Any CPU
		{2BC2F278-D2D9-43F1-AFF7-2ED60D1ABFDB}.Debug|Any CPU.ActiveCfg = Debug|Any CPU
		{2BC2F278-D2D9-43F1-AFF7-2ED60D1ABFDB}.Debug|Any CPU.Build.0 = Debug|Any CPU
		{2BC2F278-D2D9-43F1-AFF7-2ED60D1ABFDB}.Release|Any CPU.ActiveCfg = Release|Any CPU
		{2BC2F278-D2D9-43F1-AFF7-2ED60D1ABFDB}.Release|Any CPU.Build.0 = Release|Any CPU
		{1A0ACDAC-A473-4B56-9837-4C37846A4D3F}.Debug|Any CPU.ActiveCfg = Debug|Any CPU
		{1A0ACDAC-A473-4B56-9837-4C37846A4D3F}.Debug|Any CPU.Build.0 = Debug|Any CPU
		{1A0ACDAC-A473-4B56-9837-4C37846A4D3F}.Release|Any CPU.ActiveCfg = Release|Any CPU
		{1A0ACDAC-A473-4B56-9837-4C37846A4D3F}.Release|Any CPU.Build.0 = Release|Any CPU
		{02B2CB5F-FF87-4C07-AC97-8990862625F0}.Debug|Any CPU.ActiveCfg = Debug|Any CPU
		{02B2CB5F-FF87-4C07-AC97-8990862625F0}.Debug|Any CPU.Build.0 = Debug|Any CPU
		{02B2CB5F-FF87-4C07-AC97-8990862625F0}.Release|Any CPU.ActiveCfg = Release|Any CPU
		{02B2CB5F-FF87-4C07-AC97-8990862625F0}.Release|Any CPU.Build.0 = Release|Any CPU
		{53996157-4DF0-4B32-9889-0250ED7E5B07}.Debug|Any CPU.ActiveCfg = Debug|Any CPU
		{53996157-4DF0-4B32-9889-0250ED7E5B07}.Debug|Any CPU.Build.0 = Debug|Any CPU
		{53996157-4DF0-4B32-9889-0250ED7E5B07}.Release|Any CPU.ActiveCfg = Release|Any CPU
		{53996157-4DF0-4B32-9889-0250ED7E5B07}.Release|Any CPU.Build.0 = Release|Any CPU
		{D6281152-207C-4BC5-9127-614E6A9A71AA}.Debug|Any CPU.ActiveCfg = Debug|Any CPU
		{D6281152-207C-4BC5-9127-614E6A9A71AA}.Debug|Any CPU.Build.0 = Debug|Any CPU
		{D6281152-207C-4BC5-9127-614E6A9A71AA}.Release|Any CPU.ActiveCfg = Release|Any CPU
		{D6281152-207C-4BC5-9127-614E6A9A71AA}.Release|Any CPU.Build.0 = Release|Any CPU
		{4F0450FF-4D0D-4EE9-8AED-5630718905C0}.Debug|Any CPU.ActiveCfg = Debug|Any CPU
		{4F0450FF-4D0D-4EE9-8AED-5630718905C0}.Debug|Any CPU.Build.0 = Debug|Any CPU
		{4F0450FF-4D0D-4EE9-8AED-5630718905C0}.Release|Any CPU.ActiveCfg = Release|Any CPU
		{4F0450FF-4D0D-4EE9-8AED-5630718905C0}.Release|Any CPU.Build.0 = Release|Any CPU
		{8556A150-AD45-4F66-9DE9-DD7824664B95}.Debug|Any CPU.ActiveCfg = Debug|Any CPU
		{8556A150-AD45-4F66-9DE9-DD7824664B95}.Debug|Any CPU.Build.0 = Debug|Any CPU
		{8556A150-AD45-4F66-9DE9-DD7824664B95}.Release|Any CPU.ActiveCfg = Release|Any CPU
		{8556A150-AD45-4F66-9DE9-DD7824664B95}.Release|Any CPU.Build.0 = Release|Any CPU
		{20F2B2B5-933A-49B8-8234-896616E669CC}.Debug|Any CPU.ActiveCfg = Debug|Any CPU
		{20F2B2B5-933A-49B8-8234-896616E669CC}.Debug|Any CPU.Build.0 = Debug|Any CPU
		{20F2B2B5-933A-49B8-8234-896616E669CC}.Release|Any CPU.ActiveCfg = Release|Any CPU
		{20F2B2B5-933A-49B8-8234-896616E669CC}.Release|Any CPU.Build.0 = Release|Any CPU
		{46FD2194-5440-4505-9104-29F0818A7728}.Debug|Any CPU.ActiveCfg = Debug|Any CPU
		{46FD2194-5440-4505-9104-29F0818A7728}.Debug|Any CPU.Build.0 = Debug|Any CPU
		{46FD2194-5440-4505-9104-29F0818A7728}.Release|Any CPU.ActiveCfg = Release|Any CPU
		{46FD2194-5440-4505-9104-29F0818A7728}.Release|Any CPU.Build.0 = Release|Any CPU
		{196EB19B-7C1B-4019-9F85-5A8157651B9C}.Debug|Any CPU.ActiveCfg = Debug|Any CPU
		{196EB19B-7C1B-4019-9F85-5A8157651B9C}.Debug|Any CPU.Build.0 = Debug|Any CPU
		{196EB19B-7C1B-4019-9F85-5A8157651B9C}.Release|Any CPU.ActiveCfg = Release|Any CPU
		{196EB19B-7C1B-4019-9F85-5A8157651B9C}.Release|Any CPU.Build.0 = Release|Any CPU
		{0FB0BF2A-2BE4-48DD-98B8-3277367D2A0A}.Debug|Any CPU.ActiveCfg = Debug|Any CPU
		{0FB0BF2A-2BE4-48DD-98B8-3277367D2A0A}.Debug|Any CPU.Build.0 = Debug|Any CPU
		{0FB0BF2A-2BE4-48DD-98B8-3277367D2A0A}.Release|Any CPU.ActiveCfg = Release|Any CPU
		{0FB0BF2A-2BE4-48DD-98B8-3277367D2A0A}.Release|Any CPU.Build.0 = Release|Any CPU
		{D92C03D7-AAD4-4A89-B7C0-61B3638C62C1}.Debug|Any CPU.ActiveCfg = Debug|Any CPU
		{D92C03D7-AAD4-4A89-B7C0-61B3638C62C1}.Debug|Any CPU.Build.0 = Debug|Any CPU
		{D92C03D7-AAD4-4A89-B7C0-61B3638C62C1}.Release|Any CPU.ActiveCfg = Release|Any CPU
		{D92C03D7-AAD4-4A89-B7C0-61B3638C62C1}.Release|Any CPU.Build.0 = Release|Any CPU
		{190B9CB7-339F-480C-BADA-0EC305129A3D}.Debug|Any CPU.ActiveCfg = Debug|Any CPU
		{190B9CB7-339F-480C-BADA-0EC305129A3D}.Debug|Any CPU.Build.0 = Debug|Any CPU
		{190B9CB7-339F-480C-BADA-0EC305129A3D}.Release|Any CPU.ActiveCfg = Release|Any CPU
		{190B9CB7-339F-480C-BADA-0EC305129A3D}.Release|Any CPU.Build.0 = Release|Any CPU
		{801C85C9-89D4-44B3-BF7B-73B0C2A49BC5}.Debug|Any CPU.ActiveCfg = Debug|Any CPU
		{801C85C9-89D4-44B3-BF7B-73B0C2A49BC5}.Debug|Any CPU.Build.0 = Debug|Any CPU
		{801C85C9-89D4-44B3-BF7B-73B0C2A49BC5}.Release|Any CPU.ActiveCfg = Release|Any CPU
		{801C85C9-89D4-44B3-BF7B-73B0C2A49BC5}.Release|Any CPU.Build.0 = Release|Any CPU
		{957685E3-F15C-4FF8-993D-2B11E45F2FB3}.Debug|Any CPU.ActiveCfg = Debug|Any CPU
		{957685E3-F15C-4FF8-993D-2B11E45F2FB3}.Debug|Any CPU.Build.0 = Debug|Any CPU
		{957685E3-F15C-4FF8-993D-2B11E45F2FB3}.Release|Any CPU.ActiveCfg = Release|Any CPU
		{957685E3-F15C-4FF8-993D-2B11E45F2FB3}.Release|Any CPU.Build.0 = Release|Any CPU
		{CEAF5619-2DEA-41E9-9B06-8BB591B1C52C}.Debug|Any CPU.ActiveCfg = Debug|Any CPU
		{CEAF5619-2DEA-41E9-9B06-8BB591B1C52C}.Debug|Any CPU.Build.0 = Debug|Any CPU
		{CEAF5619-2DEA-41E9-9B06-8BB591B1C52C}.Release|Any CPU.ActiveCfg = Release|Any CPU
		{CEAF5619-2DEA-41E9-9B06-8BB591B1C52C}.Release|Any CPU.Build.0 = Release|Any CPU
		{65331483-9C5A-4177-8FBB-E2F3A8AB0EA1}.Debug|Any CPU.ActiveCfg = Debug|Any CPU
		{65331483-9C5A-4177-8FBB-E2F3A8AB0EA1}.Debug|Any CPU.Build.0 = Debug|Any CPU
		{65331483-9C5A-4177-8FBB-E2F3A8AB0EA1}.Release|Any CPU.ActiveCfg = Release|Any CPU
		{65331483-9C5A-4177-8FBB-E2F3A8AB0EA1}.Release|Any CPU.Build.0 = Release|Any CPU
		{911767BA-4DCF-4795-871C-45D633DEBAEA}.Debug|Any CPU.ActiveCfg = Debug|Any CPU
		{911767BA-4DCF-4795-871C-45D633DEBAEA}.Debug|Any CPU.Build.0 = Debug|Any CPU
		{911767BA-4DCF-4795-871C-45D633DEBAEA}.Release|Any CPU.ActiveCfg = Release|Any CPU
		{911767BA-4DCF-4795-871C-45D633DEBAEA}.Release|Any CPU.Build.0 = Release|Any CPU
		{1B17480D-2182-45DE-BF3A-C5BDF2FF9D10}.Debug|Any CPU.ActiveCfg = Debug|Any CPU
		{1B17480D-2182-45DE-BF3A-C5BDF2FF9D10}.Debug|Any CPU.Build.0 = Debug|Any CPU
		{1B17480D-2182-45DE-BF3A-C5BDF2FF9D10}.Release|Any CPU.ActiveCfg = Release|Any CPU
		{1B17480D-2182-45DE-BF3A-C5BDF2FF9D10}.Release|Any CPU.Build.0 = Release|Any CPU
		{193F12AC-87FF-47FB-A7C6-B9474357C18A}.Debug|Any CPU.ActiveCfg = Debug|Any CPU
		{193F12AC-87FF-47FB-A7C6-B9474357C18A}.Debug|Any CPU.Build.0 = Debug|Any CPU
		{193F12AC-87FF-47FB-A7C6-B9474357C18A}.Release|Any CPU.ActiveCfg = Release|Any CPU
		{193F12AC-87FF-47FB-A7C6-B9474357C18A}.Release|Any CPU.Build.0 = Release|Any CPU
		{9563B5D0-6254-44B4-82FE-B2E1B7196EC6}.Debug|Any CPU.ActiveCfg = Debug|Any CPU
		{9563B5D0-6254-44B4-82FE-B2E1B7196EC6}.Debug|Any CPU.Build.0 = Debug|Any CPU
		{9563B5D0-6254-44B4-82FE-B2E1B7196EC6}.Release|Any CPU.ActiveCfg = Release|Any CPU
		{9563B5D0-6254-44B4-82FE-B2E1B7196EC6}.Release|Any CPU.Build.0 = Release|Any CPU
		{21453467-4165-4B79-AC5C-83E0E0EB4109}.Debug|Any CPU.ActiveCfg = Debug|Any CPU
		{21453467-4165-4B79-AC5C-83E0E0EB4109}.Debug|Any CPU.Build.0 = Debug|Any CPU
		{21453467-4165-4B79-AC5C-83E0E0EB4109}.Release|Any CPU.ActiveCfg = Release|Any CPU
		{21453467-4165-4B79-AC5C-83E0E0EB4109}.Release|Any CPU.Build.0 = Release|Any CPU
		{E6AC37D3-25B4-485D-915A-FC593780DDBA}.Debug|Any CPU.ActiveCfg = Debug|Any CPU
		{E6AC37D3-25B4-485D-915A-FC593780DDBA}.Debug|Any CPU.Build.0 = Debug|Any CPU
		{E6AC37D3-25B4-485D-915A-FC593780DDBA}.Release|Any CPU.ActiveCfg = Release|Any CPU
		{E6AC37D3-25B4-485D-915A-FC593780DDBA}.Release|Any CPU.Build.0 = Release|Any CPU
		{ADEE75C8-8705-47CE-9781-3E87601A9393}.Debug|Any CPU.ActiveCfg = Debug|Any CPU
		{ADEE75C8-8705-47CE-9781-3E87601A9393}.Debug|Any CPU.Build.0 = Debug|Any CPU
		{ADEE75C8-8705-47CE-9781-3E87601A9393}.Release|Any CPU.ActiveCfg = Release|Any CPU
		{ADEE75C8-8705-47CE-9781-3E87601A9393}.Release|Any CPU.Build.0 = Release|Any CPU
		{2002AE35-C288-4032-9446-A50619E27BF1}.Debug|Any CPU.ActiveCfg = Debug|Any CPU
		{2002AE35-C288-4032-9446-A50619E27BF1}.Debug|Any CPU.Build.0 = Debug|Any CPU
		{2002AE35-C288-4032-9446-A50619E27BF1}.Release|Any CPU.ActiveCfg = Release|Any CPU
		{2002AE35-C288-4032-9446-A50619E27BF1}.Release|Any CPU.Build.0 = Release|Any CPU
		{7040CE60-37D9-4A7C-8059-CFBB2FFB0990}.Debug|Any CPU.ActiveCfg = Debug|Any CPU
		{7040CE60-37D9-4A7C-8059-CFBB2FFB0990}.Debug|Any CPU.Build.0 = Debug|Any CPU
		{7040CE60-37D9-4A7C-8059-CFBB2FFB0990}.Release|Any CPU.ActiveCfg = Release|Any CPU
		{7040CE60-37D9-4A7C-8059-CFBB2FFB0990}.Release|Any CPU.Build.0 = Release|Any CPU
		{EAD088BE-F6E5-4461-B726-B10849ECADBB}.Debug|Any CPU.ActiveCfg = Debug|Any CPU
		{EAD088BE-F6E5-4461-B726-B10849ECADBB}.Debug|Any CPU.Build.0 = Debug|Any CPU
		{EAD088BE-F6E5-4461-B726-B10849ECADBB}.Release|Any CPU.ActiveCfg = Release|Any CPU
		{EAD088BE-F6E5-4461-B726-B10849ECADBB}.Release|Any CPU.Build.0 = Release|Any CPU
		{4FF4DB8A-F3D0-4317-A394-C16FD76964CB}.Debug|Any CPU.ActiveCfg = Debug|Any CPU
		{4FF4DB8A-F3D0-4317-A394-C16FD76964CB}.Debug|Any CPU.Build.0 = Debug|Any CPU
		{4FF4DB8A-F3D0-4317-A394-C16FD76964CB}.Release|Any CPU.ActiveCfg = Release|Any CPU
		{4FF4DB8A-F3D0-4317-A394-C16FD76964CB}.Release|Any CPU.Build.0 = Release|Any CPU
	EndGlobalSection
	GlobalSection(SolutionProperties) = preSolution
		HideSolutionNode = FALSE
	EndGlobalSection
	GlobalSection(NestedProjects) = preSolution
		{DF9CBC57-5BFA-4FD9-9454-503AE66ECD7A} = {119202F3-8205-4677-B6A7-D1169A0B0323}
		{B4779ED6-4D4E-44D7-8F1C-BC00B14DAE5C} = {119202F3-8205-4677-B6A7-D1169A0B0323}
		{8A75BD48-851F-4E51-AAE6-163E8C53CF07} = {71FFD2E1-41C9-4978-8501-C4B39360FF67}
		{6E38ACB9-2BA7-4704-9C74-647139108867} = {1B6BE123-CC84-4AC7-8DAB-B8D7924A81B5}
		{71FFD2E1-41C9-4978-8501-C4B39360FF67} = {A73CDCF8-DE82-4251-B145-86AB90329C5F}
		{1B6BE123-CC84-4AC7-8DAB-B8D7924A81B5} = {A73CDCF8-DE82-4251-B145-86AB90329C5F}
		{5C87EEA8-C323-4C1D-A921-1A3491C8C24E} = {B4779ED6-4D4E-44D7-8F1C-BC00B14DAE5C}
		{BDBC3929-6680-441B-943D-DE18EEA4A6BF} = {DF9CBC57-5BFA-4FD9-9454-503AE66ECD7A}
		{4FAAA142-61A3-43E1-9E05-76D5E5B1F674} = {1B6BE123-CC84-4AC7-8DAB-B8D7924A81B5}
		{636F6BC4-DF5D-4139-A26C-B2337C2F63A7} = {1B6BE123-CC84-4AC7-8DAB-B8D7924A81B5}
		{0B2F72C9-D44B-43B8-91C9-F07270CD1411} = {A73CDCF8-DE82-4251-B145-86AB90329C5F}
		{4F9FBC72-6292-49D0-BF6D-A97E5BA72F31} = {71FFD2E1-41C9-4978-8501-C4B39360FF67}
		{B1189A63-7F2D-428F-AD93-60A1EE944E13} = {71FFD2E1-41C9-4978-8501-C4B39360FF67}
		{D2CE3F49-B9D5-483F-9A6C-844A3CD3ECF0} = {71FFD2E1-41C9-4978-8501-C4B39360FF67}
		{8DA42FDD-5CD8-42E9-B45B-2633AD123CB1} = {A73CDCF8-DE82-4251-B145-86AB90329C5F}
		{B1FBC638-7A59-43C9-A56E-C4FCDCC3C241} = {8DA42FDD-5CD8-42E9-B45B-2633AD123CB1}
		{4D686BA4-9383-4256-9FFB-7063730BA581} = {0B2F72C9-D44B-43B8-91C9-F07270CD1411}
		{7794B40D-D786-4A9A-9732-7F79CA067210} = {A73CDCF8-DE82-4251-B145-86AB90329C5F}
		{3D96530F-6E0F-499A-B02B-C0D4C6A1CD31} = {7794B40D-D786-4A9A-9732-7F79CA067210}
		{EA7A21DF-2DEC-46E2-84A6-CCE773EA813B} = {3D96530F-6E0F-499A-B02B-C0D4C6A1CD31}
		{646B6C87-E625-457E-A26E-570A55E7DB11} = {71FFD2E1-41C9-4978-8501-C4B39360FF67}
		{18974609-09B2-4332-891F-87A48AD8CE38} = {3D96530F-6E0F-499A-B02B-C0D4C6A1CD31}
		{AB23AEB6-3CFF-45E8-B880-C03B2890D764} = {3D96530F-6E0F-499A-B02B-C0D4C6A1CD31}
		{2012BF53-40F7-431C-949A-B9E6C37D0449} = {7794B40D-D786-4A9A-9732-7F79CA067210}
		{2BC2F278-D2D9-43F1-AFF7-2ED60D1ABFDB} = {2012BF53-40F7-431C-949A-B9E6C37D0449}
		{1A0ACDAC-A473-4B56-9837-4C37846A4D3F} = {2012BF53-40F7-431C-949A-B9E6C37D0449}
		{02B2CB5F-FF87-4C07-AC97-8990862625F0} = {2012BF53-40F7-431C-949A-B9E6C37D0449}
		{53996157-4DF0-4B32-9889-0250ED7E5B07} = {2012BF53-40F7-431C-949A-B9E6C37D0449}
		{D6281152-207C-4BC5-9127-614E6A9A71AA} = {71FFD2E1-41C9-4978-8501-C4B39360FF67}
		{4F0450FF-4D0D-4EE9-8AED-5630718905C0} = {2012BF53-40F7-431C-949A-B9E6C37D0449}
		{8556A150-AD45-4F66-9DE9-DD7824664B95} = {2012BF53-40F7-431C-949A-B9E6C37D0449}
		{176827B1-8A7C-40FD-BEFB-DD9DA63CB6A6} = {7794B40D-D786-4A9A-9732-7F79CA067210}
		{20F2B2B5-933A-49B8-8234-896616E669CC} = {176827B1-8A7C-40FD-BEFB-DD9DA63CB6A6}
		{46FD2194-5440-4505-9104-29F0818A7728} = {176827B1-8A7C-40FD-BEFB-DD9DA63CB6A6}
		{196EB19B-7C1B-4019-9F85-5A8157651B9C} = {176827B1-8A7C-40FD-BEFB-DD9DA63CB6A6}
		{0FB0BF2A-2BE4-48DD-98B8-3277367D2A0A} = {176827B1-8A7C-40FD-BEFB-DD9DA63CB6A6}
		{D92C03D7-AAD4-4A89-B7C0-61B3638C62C1} = {176827B1-8A7C-40FD-BEFB-DD9DA63CB6A6}
		{A1DEC02B-B85E-4216-9AE4-3F229311ADEE} = {A73CDCF8-DE82-4251-B145-86AB90329C5F}
		{190B9CB7-339F-480C-BADA-0EC305129A3D} = {A1DEC02B-B85E-4216-9AE4-3F229311ADEE}
		{801C85C9-89D4-44B3-BF7B-73B0C2A49BC5} = {A1DEC02B-B85E-4216-9AE4-3F229311ADEE}
		{3BA93F24-4424-4C4F-9BF7-9D27ECB1745F} = {A73CDCF8-DE82-4251-B145-86AB90329C5F}
		{957685E3-F15C-4FF8-993D-2B11E45F2FB3} = {3BA93F24-4424-4C4F-9BF7-9D27ECB1745F}
		{CEAF5619-2DEA-41E9-9B06-8BB591B1C52C} = {3BA93F24-4424-4C4F-9BF7-9D27ECB1745F}
		{65331483-9C5A-4177-8FBB-E2F3A8AB0EA1} = {A1DEC02B-B85E-4216-9AE4-3F229311ADEE}
		{B8DE7440-2761-49B0-A750-892CEE8F6EEF} = {DF90F082-AFF9-41EF-8AE1-21D2622B9F39}
		{EC6244A5-18C3-47A4-B6CD-9A99B3F1BB0A} = {DF90F082-AFF9-41EF-8AE1-21D2622B9F39}
		{52640446-1C47-4005-826A-958C6F924F02} = {DF90F082-AFF9-41EF-8AE1-21D2622B9F39}
		{38C102FD-F8A0-4928-BF59-F1961E92EA76} = {DF90F082-AFF9-41EF-8AE1-21D2622B9F39}
		{911767BA-4DCF-4795-871C-45D633DEBAEA} = {EC6244A5-18C3-47A4-B6CD-9A99B3F1BB0A}
		{1B17480D-2182-45DE-BF3A-C5BDF2FF9D10} = {EC6244A5-18C3-47A4-B6CD-9A99B3F1BB0A}
		{193F12AC-87FF-47FB-A7C6-B9474357C18A} = {52640446-1C47-4005-826A-958C6F924F02}
		{9563B5D0-6254-44B4-82FE-B2E1B7196EC6} = {38C102FD-F8A0-4928-BF59-F1961E92EA76}
		{21453467-4165-4B79-AC5C-83E0E0EB4109} = {38C102FD-F8A0-4928-BF59-F1961E92EA76}
		{E6AC37D3-25B4-485D-915A-FC593780DDBA} = {38C102FD-F8A0-4928-BF59-F1961E92EA76}
		{ADEE75C8-8705-47CE-9781-3E87601A9393} = {38C102FD-F8A0-4928-BF59-F1961E92EA76}
		{2002AE35-C288-4032-9446-A50619E27BF1} = {38C102FD-F8A0-4928-BF59-F1961E92EA76}
		{7040CE60-37D9-4A7C-8059-CFBB2FFB0990} = {0B2F72C9-D44B-43B8-91C9-F07270CD1411}
		{3728559E-FEE7-4578-9F16-5C2CF832ED6B} = {A73CDCF8-DE82-4251-B145-86AB90329C5F}
		{EAD088BE-F6E5-4461-B726-B10849ECADBB} = {3728559E-FEE7-4578-9F16-5C2CF832ED6B}
		{4FF4DB8A-F3D0-4317-A394-C16FD76964CB} = {3728559E-FEE7-4578-9F16-5C2CF832ED6B}
		{3F385300-3BEB-4DD4-8070-AE259265D89F} = {DF90F082-AFF9-41EF-8AE1-21D2622B9F39}
		{D1720F49-B280-46AE-B543-D5276EFFFB85} = {3F385300-3BEB-4DD4-8070-AE259265D89F}
	EndGlobalSection
	GlobalSection(ExtensibilityGlobals) = postSolution
		SolutionGuid = {5A606D32-B672-4F8E-B52C-CC6795E59FDE}
	EndGlobalSection
EndGlobal
