
Microsoft Visual Studio Solution File, Format Version 12.00
# Visual Studio Version 16
VisualStudioVersion = 16.0.30011.22
MinimumVisualStudioVersion = 10.0.40219.1
Project("{2150E333-8FDC-42A3-9474-1A3956D46DE8}") = "01-src", "01-src", "{D04255FF-1E9D-48F0-943E-97C5888AAA8B}"
EndProject
Project("{2150E333-8FDC-42A3-9474-1A3956D46DE8}") = "01-core", "01-core", "{E5102F71-C322-4532-A9E0-C079FFD26857}"
EndProject
Project("{2150E333-8FDC-42A3-9474-1A3956D46DE8}") = "02-test", "02-test", "{D302FE39-9F42-468B-90FD-63444D2E5972}"
EndProject
Project("{9A19103F-16F7-4668-BE54-9A1E7A4F7556}") = "01-Meow", "01-src\01-core\Meow\01-Meow.csproj", "{5826C4FA-071E-4257-9237-F4E941B27058}"
EndProject
Project("{2150E333-8FDC-42A3-9474-1A3956D46DE8}") = "01-core", "01-core", "{CAA3A840-923C-4E4D-A537-34D1FCC9CDB7}"
EndProject
Project("{2150E333-8FDC-42A3-9474-1A3956D46DE8}") = "02-service", "02-service", "{4692F447-435F-4719-8C75-252637E6D465}"
EndProject
Project("{9A19103F-16F7-4668-BE54-9A1E7A4F7556}") = "01-Meow.Domain", "01-src\02-service\Meow.Domain\01-Meow.Domain.csproj", "{186742FA-39F3-4004-A033-A9DE3DCE0A55}"
EndProject
Project("{9A19103F-16F7-4668-BE54-9A1E7A4F7556}") = "02-Meow.Data", "01-src\02-service\Meow.Data\02-Meow.Data.csproj", "{DF5CA97A-1A36-4F09-9BDB-BF9E5937D878}"
EndProject
Project("{9A19103F-16F7-4668-BE54-9A1E7A4F7556}") = "01-Meow.Test", "02-test\01-core\Meow.Test\01-Meow.Test.csproj", "{FD3DA61A-2469-4AE9-B106-D69FD6B8589F}"
EndProject
Project("{2150E333-8FDC-42A3-9474-1A3956D46DE8}") = "03-sample", "03-sample", "{7D40BE35-1766-49CF-A97B-864337BA9124}"
EndProject
Project("{2150E333-8FDC-42A3-9474-1A3956D46DE8}") = "01-application", "01-application", "{89B29787-21C7-4721-9BE5-245A099D7C8D}"
EndProject
Project("{2150E333-8FDC-42A3-9474-1A3956D46DE8}") = "01-Presentation", "01-Presentation", "{02D75935-089A-4D7C-898F-9C7F0053F453}"
EndProject
Project("{2150E333-8FDC-42A3-9474-1A3956D46DE8}") = "02-Service", "02-Service", "{9AC0C64F-2FEC-4C19-81B4-538AE732DD4C}"
EndProject
Project("{2150E333-8FDC-42A3-9474-1A3956D46DE8}") = "03-Domain", "03-Domain", "{7A3E8BD0-A7E4-43A8-A302-830B5C3FF307}"
EndProject
Project("{2150E333-8FDC-42A3-9474-1A3956D46DE8}") = "04-Infrastructure", "04-Infrastructure", "{92473214-AB38-478C-9EF5-C05063784AE0}"
EndProject
Project("{9A19103F-16F7-4668-BE54-9A1E7A4F7556}") = "Meow.Sample.Domain", "03-sample\01-application\03-Domain\Meow.Sample.Domain\Meow.Sample.Domain.csproj", "{CA848202-4EE3-4AD9-9318-941C066B6A57}"
EndProject
Project("{9A19103F-16F7-4668-BE54-9A1E7A4F7556}") = "Meow.Sample.Data", "03-sample\01-application\04-Infrastructure\Meow.Sample.Data\Meow.Sample.Data.csproj", "{7065E9B9-C2B7-43B1-9763-C5F1FE7FFCB5}"
EndProject
Project("{FAE04EC0-301F-11D3-BF4B-00C04F79EFBC}") = "Meow.Sample.Service", "03-sample\01-application\02-Service\Meow.Sample.Service\Meow.Sample.Service.csproj", "{4E2B22AD-18C3-4B14-B0DD-4AF07572366D}"
EndProject
Project("{FAE04EC0-301F-11D3-BF4B-00C04F79EFBC}") = "Meow.Sample.Api", "03-sample\01-application\01-Presentation\Meow.Sample.Api\Meow.Sample.Api.csproj", "{344DF015-3AA2-4B80-9A1F-F8C658C9DE55}"
EndProject
Project("{2150E333-8FDC-42A3-9474-1A3956D46DE8}") = "05-Document", "05-Document", "{61EABA38-B493-4944-B15B-6556B7935A6F}"
EndProject
Project("{2150E333-8FDC-42A3-9474-1A3956D46DE8}") = "Pd", "Pd", "{53730870-9EC7-4A51-A88E-1967C6B79F25}"
	ProjectSection(SolutionItems) = preProject
		03-sample\01-application\05-Document\Pd\Meow.Sample.sws = 03-sample\01-application\05-Document\Pd\Meow.Sample.sws
	EndProjectSection
EndProject
Project("{2150E333-8FDC-42A3-9474-1A3956D46DE8}") = "Sql", "Sql", "{47CB9D6B-A4B0-4E0B-A11F-7A036869F58A}"
	ProjectSection(SolutionItems) = preProject
		03-sample\01-application\05-Document\Sql\MySql.sql = 03-sample\01-application\05-Document\Sql\MySql.sql
		03-sample\01-application\05-Document\Sql\Oracle.sql = 03-sample\01-application\05-Document\Sql\Oracle.sql
		03-sample\01-application\05-Document\Sql\PgSql.sql = 03-sample\01-application\05-Document\Sql\PgSql.sql
		03-sample\01-application\05-Document\Sql\SqlServer.sql = 03-sample\01-application\05-Document\Sql\SqlServer.sql
	EndProjectSection
EndProject
Global
	GlobalSection(SolutionConfigurationPlatforms) = preSolution
		Debug|Any CPU = Debug|Any CPU
		Release|Any CPU = Release|Any CPU
	EndGlobalSection
	GlobalSection(ProjectConfigurationPlatforms) = postSolution
		{5826C4FA-071E-4257-9237-F4E941B27058}.Debug|Any CPU.ActiveCfg = Debug|Any CPU
		{5826C4FA-071E-4257-9237-F4E941B27058}.Debug|Any CPU.Build.0 = Debug|Any CPU
		{5826C4FA-071E-4257-9237-F4E941B27058}.Release|Any CPU.ActiveCfg = Release|Any CPU
		{5826C4FA-071E-4257-9237-F4E941B27058}.Release|Any CPU.Build.0 = Release|Any CPU
		{186742FA-39F3-4004-A033-A9DE3DCE0A55}.Debug|Any CPU.ActiveCfg = Debug|Any CPU
		{186742FA-39F3-4004-A033-A9DE3DCE0A55}.Debug|Any CPU.Build.0 = Debug|Any CPU
		{186742FA-39F3-4004-A033-A9DE3DCE0A55}.Release|Any CPU.ActiveCfg = Release|Any CPU
		{186742FA-39F3-4004-A033-A9DE3DCE0A55}.Release|Any CPU.Build.0 = Release|Any CPU
		{DF5CA97A-1A36-4F09-9BDB-BF9E5937D878}.Debug|Any CPU.ActiveCfg = Debug|Any CPU
		{DF5CA97A-1A36-4F09-9BDB-BF9E5937D878}.Debug|Any CPU.Build.0 = Debug|Any CPU
		{DF5CA97A-1A36-4F09-9BDB-BF9E5937D878}.Release|Any CPU.ActiveCfg = Release|Any CPU
		{DF5CA97A-1A36-4F09-9BDB-BF9E5937D878}.Release|Any CPU.Build.0 = Release|Any CPU
		{FD3DA61A-2469-4AE9-B106-D69FD6B8589F}.Debug|Any CPU.ActiveCfg = Debug|Any CPU
		{FD3DA61A-2469-4AE9-B106-D69FD6B8589F}.Debug|Any CPU.Build.0 = Debug|Any CPU
		{FD3DA61A-2469-4AE9-B106-D69FD6B8589F}.Release|Any CPU.ActiveCfg = Release|Any CPU
		{FD3DA61A-2469-4AE9-B106-D69FD6B8589F}.Release|Any CPU.Build.0 = Release|Any CPU
		{CA848202-4EE3-4AD9-9318-941C066B6A57}.Debug|Any CPU.ActiveCfg = Debug|Any CPU
		{CA848202-4EE3-4AD9-9318-941C066B6A57}.Debug|Any CPU.Build.0 = Debug|Any CPU
		{CA848202-4EE3-4AD9-9318-941C066B6A57}.Release|Any CPU.ActiveCfg = Release|Any CPU
		{CA848202-4EE3-4AD9-9318-941C066B6A57}.Release|Any CPU.Build.0 = Release|Any CPU
		{7065E9B9-C2B7-43B1-9763-C5F1FE7FFCB5}.Debug|Any CPU.ActiveCfg = Debug|Any CPU
		{7065E9B9-C2B7-43B1-9763-C5F1FE7FFCB5}.Debug|Any CPU.Build.0 = Debug|Any CPU
		{7065E9B9-C2B7-43B1-9763-C5F1FE7FFCB5}.Release|Any CPU.ActiveCfg = Release|Any CPU
		{7065E9B9-C2B7-43B1-9763-C5F1FE7FFCB5}.Release|Any CPU.Build.0 = Release|Any CPU
		{4E2B22AD-18C3-4B14-B0DD-4AF07572366D}.Debug|Any CPU.ActiveCfg = Debug|Any CPU
		{4E2B22AD-18C3-4B14-B0DD-4AF07572366D}.Debug|Any CPU.Build.0 = Debug|Any CPU
		{4E2B22AD-18C3-4B14-B0DD-4AF07572366D}.Release|Any CPU.ActiveCfg = Release|Any CPU
		{4E2B22AD-18C3-4B14-B0DD-4AF07572366D}.Release|Any CPU.Build.0 = Release|Any CPU
		{344DF015-3AA2-4B80-9A1F-F8C658C9DE55}.Debug|Any CPU.ActiveCfg = Debug|Any CPU
		{344DF015-3AA2-4B80-9A1F-F8C658C9DE55}.Debug|Any CPU.Build.0 = Debug|Any CPU
		{344DF015-3AA2-4B80-9A1F-F8C658C9DE55}.Release|Any CPU.ActiveCfg = Release|Any CPU
		{344DF015-3AA2-4B80-9A1F-F8C658C9DE55}.Release|Any CPU.Build.0 = Release|Any CPU
	EndGlobalSection
	GlobalSection(SolutionProperties) = preSolution
		HideSolutionNode = FALSE
	EndGlobalSection
	GlobalSection(NestedProjects) = preSolution
		{E5102F71-C322-4532-A9E0-C079FFD26857} = {D04255FF-1E9D-48F0-943E-97C5888AAA8B}
		{5826C4FA-071E-4257-9237-F4E941B27058} = {E5102F71-C322-4532-A9E0-C079FFD26857}
		{CAA3A840-923C-4E4D-A537-34D1FCC9CDB7} = {D302FE39-9F42-468B-90FD-63444D2E5972}
		{4692F447-435F-4719-8C75-252637E6D465} = {D04255FF-1E9D-48F0-943E-97C5888AAA8B}
		{186742FA-39F3-4004-A033-A9DE3DCE0A55} = {4692F447-435F-4719-8C75-252637E6D465}
		{DF5CA97A-1A36-4F09-9BDB-BF9E5937D878} = {4692F447-435F-4719-8C75-252637E6D465}
		{FD3DA61A-2469-4AE9-B106-D69FD6B8589F} = {CAA3A840-923C-4E4D-A537-34D1FCC9CDB7}
		{89B29787-21C7-4721-9BE5-245A099D7C8D} = {7D40BE35-1766-49CF-A97B-864337BA9124}
		{02D75935-089A-4D7C-898F-9C7F0053F453} = {89B29787-21C7-4721-9BE5-245A099D7C8D}
		{9AC0C64F-2FEC-4C19-81B4-538AE732DD4C} = {89B29787-21C7-4721-9BE5-245A099D7C8D}
		{7A3E8BD0-A7E4-43A8-A302-830B5C3FF307} = {89B29787-21C7-4721-9BE5-245A099D7C8D}
		{92473214-AB38-478C-9EF5-C05063784AE0} = {89B29787-21C7-4721-9BE5-245A099D7C8D}
		{CA848202-4EE3-4AD9-9318-941C066B6A57} = {7A3E8BD0-A7E4-43A8-A302-830B5C3FF307}
		{7065E9B9-C2B7-43B1-9763-C5F1FE7FFCB5} = {92473214-AB38-478C-9EF5-C05063784AE0}
		{4E2B22AD-18C3-4B14-B0DD-4AF07572366D} = {9AC0C64F-2FEC-4C19-81B4-538AE732DD4C}
		{344DF015-3AA2-4B80-9A1F-F8C658C9DE55} = {02D75935-089A-4D7C-898F-9C7F0053F453}
		{61EABA38-B493-4944-B15B-6556B7935A6F} = {89B29787-21C7-4721-9BE5-245A099D7C8D}
		{53730870-9EC7-4A51-A88E-1967C6B79F25} = {61EABA38-B493-4944-B15B-6556B7935A6F}
		{47CB9D6B-A4B0-4E0B-A11F-7A036869F58A} = {61EABA38-B493-4944-B15B-6556B7935A6F}
	EndGlobalSection
	GlobalSection(ExtensibilityGlobals) = postSolution
		SolutionGuid = {FA069380-0511-4E26-9AB2-343F143CBD5E}
	EndGlobalSection
EndGlobal
